// !$*UTF8*$!
{
	archiveVersion = 1;
	classes = {
	};
	objectVersion = 46;
	objects = {

/* Begin PBXBuildFile section */
		C5CEAB021ED13E1100D33B0D /* main.m in Sources */ = {isa = PBXBuildFile; fileRef = C5CEAB011ED13E1100D33B0D /* main.m */; };
		C5CEAB051ED13E1100D33B0D /* AppDelegate.m in Sources */ = {isa = PBXBuildFile; fileRef = C5CEAB041ED13E1100D33B0D /* AppDelegate.m */; };
		C5CEAB081ED13E1100D33B0D /* ViewController.m in Sources */ = {isa = PBXBuildFile; fileRef = C5CEAB071ED13E1100D33B0D /* ViewController.m */; };
		C5CEAB0B1ED13E1100D33B0D /* Main.storyboard in Resources */ = {isa = PBXBuildFile; fileRef = C5CEAB091ED13E1100D33B0D /* Main.storyboard */; };
		C5CEAB0D1ED13E1100D33B0D /* Assets.xcassets in Resources */ = {isa = PBXBuildFile; fileRef = C5CEAB0C1ED13E1100D33B0D /* Assets.xcassets */; };
		C5CEAB101ED13E1100D33B0D /* LaunchScreen.storyboard in Resources */ = {isa = PBXBuildFile; fileRef = C5CEAB0E1ED13E1100D33B0D /* LaunchScreen.storyboard */; };
		C5CEAB1B1ED13E1100D33B0D /* __AutoLayoutTests.m in Sources */ = {isa = PBXBuildFile; fileRef = C5CEAB1A1ED13E1100D33B0D /* __AutoLayoutTests.m */; };
		C5CEAB261ED13E1100D33B0D /* __AutoLayoutUITests.m in Sources */ = {isa = PBXBuildFile; fileRef = C5CEAB251ED13E1100D33B0D /* __AutoLayoutUITests.m */; };
/* End PBXBuildFile section */

/* Begin PBXContainerItemProxy section */
		C5CEAB171ED13E1100D33B0D /* PBXContainerItemProxy */ = {
			isa = PBXContainerItemProxy;
			containerPortal = C5CEAAF51ED13E1100D33B0D /* Project object */;
			proxyType = 1;
			remoteGlobalIDString = C5CEAAFC1ED13E1100D33B0D;
			remoteInfo = "5-AutoLayout";
		};
		C5CEAB221ED13E1100D33B0D /* PBXContainerItemProxy */ = {
			isa = PBXContainerItemProxy;
			containerPortal = C5CEAAF51ED13E1100D33B0D /* Project object */;
			proxyType = 1;
			remoteGlobalIDString = C5CEAAFC1ED13E1100D33B0D;
			remoteInfo = "5-AutoLayout";
		};
/* End PBXContainerItemProxy section */

/* Begin PBXFileReference section */
		C5CEAAFD1ED13E1100D33B0D /* 5-AutoLayout.app */ = {isa = PBXFileReference; explicitFileType = wrapper.application; includeInIndex = 0; path = "5-AutoLayout.app"; sourceTree = BUILT_PRODUCTS_DIR; };
		C5CEAB011ED13E1100D33B0D /* main.m */ = {isa = PBXFileReference; lastKnownFileType = sourcecode.c.objc; path = main.m; sourceTree = "<group>"; };
		C5CEAB031ED13E1100D33B0D /* AppDelegate.h */ = {isa = PBXFileReference; lastKnownFileType = sourcecode.c.h; path = AppDelegate.h; sourceTree = "<group>"; };
		C5CEAB041ED13E1100D33B0D /* AppDelegate.m */ = {isa = PBXFileReference; lastKnownFileType = sourcecode.c.objc; path = AppDelegate.m; sourceTree = "<group>"; };
		C5CEAB061ED13E1100D33B0D /* ViewController.h */ = {isa = PBXFileReference; lastKnownFileType = sourcecode.c.h; path = ViewController.h; sourceTree = "<group>"; };
		C5CEAB071ED13E1100D33B0D /* ViewController.m */ = {isa = PBXFileReference; lastKnownFileType = sourcecode.c.objc; path = ViewController.m; sourceTree = "<group>"; };
		C5CEAB0A1ED13E1100D33B0D /* Base */ = {isa = PBXFileReference; lastKnownFileType = file.storyboard; name = Base; path = Base.lproj/Main.storyboard; sourceTree = "<group>"; };
		C5CEAB0C1ED13E1100D33B0D /* Assets.xcassets */ = {isa = PBXFileReference; lastKnownFileType = folder.assetcatalog; path = Assets.xcassets; sourceTree = "<group>"; };
		C5CEAB0F1ED13E1100D33B0D /* Base */ = {isa = PBXFileReference; lastKnownFileType = file.storyboard; name = Base; path = Base.lproj/LaunchScreen.storyboard; sourceTree = "<group>"; };
		C5CEAB111ED13E1100D33B0D /* Info.plist */ = {isa = PBXFileReference; lastKnownFileType = text.plist.xml; path = Info.plist; sourceTree = "<group>"; };
		C5CEAB161ED13E1100D33B0D /* 5-AutoLayoutTests.xctest */ = {isa = PBXFileReference; explicitFileType = wrapper.cfbundle; includeInIndex = 0; path = "5-AutoLayoutTests.xctest"; sourceTree = BUILT_PRODUCTS_DIR; };
		C5CEAB1A1ED13E1100D33B0D /* __AutoLayoutTests.m */ = {isa = PBXFileReference; lastKnownFileType = sourcecode.c.objc; path = __AutoLayoutTests.m; sourceTree = "<group>"; };
		C5CEAB1C1ED13E1100D33B0D /* Info.plist */ = {isa = PBXFileReference; lastKnownFileType = text.plist.xml; path = Info.plist; sourceTree = "<group>"; };
		C5CEAB211ED13E1100D33B0D /* 5-AutoLayoutUITests.xctest */ = {isa = PBXFileReference; explicitFileType = wrapper.cfbundle; includeInIndex = 0; path = "5-AutoLayoutUITests.xctest"; sourceTree = BUILT_PRODUCTS_DIR; };
		C5CEAB251ED13E1100D33B0D /* __AutoLayoutUITests.m */ = {isa = PBXFileReference; lastKnownFileType = sourcecode.c.objc; path = __AutoLayoutUITests.m; sourceTree = "<group>"; };
		C5CEAB271ED13E1100D33B0D /* Info.plist */ = {isa = PBXFileReference; lastKnownFileType = text.plist.xml; path = Info.plist; sourceTree = "<group>"; };
/* End PBXFileReference section */

/* Begin PBXFrameworksBuildPhase section */
		C5CEAAFA1ED13E1100D33B0D /* Frameworks */ = {
			isa = PBXFrameworksBuildPhase;
			buildActionMask = 2147483647;
			files = (
			);
			runOnlyForDeploymentPostprocessing = 0;
		};
		C5CEAB131ED13E1100D33B0D /* Frameworks */ = {
			isa = PBXFrameworksBuildPhase;
			buildActionMask = 2147483647;
			files = (
			);
			runOnlyForDeploymentPostprocessing = 0;
		};
		C5CEAB1E1ED13E1100D33B0D /* Frameworks */ = {
			isa = PBXFrameworksBuildPhase;
			buildActionMask = 2147483647;
			files = (
			);
			runOnlyForDeploymentPostprocessing = 0;
		};
/* End PBXFrameworksBuildPhase section */

/* Begin PBXGroup section */
		C5CEAAF41ED13E1100D33B0D = {
			isa = PBXGroup;
			children = (
				C5CEAAFF1ED13E1100D33B0D /* 5-AutoLayout */,
				C5CEAB191ED13E1100D33B0D /* 5-AutoLayoutTests */,
				C5CEAB241ED13E1100D33B0D /* 5-AutoLayoutUITests */,
				C5CEAAFE1ED13E1100D33B0D /* Products */,
			);
			sourceTree = "<group>";
		};
		C5CEAAFE1ED13E1100D33B0D /* Products */ = {
			isa = PBXGroup;
			children = (
				C5CEAAFD1ED13E1100D33B0D /* 5-AutoLayout.app */,
				C5CEAB161ED13E1100D33B0D /* 5-AutoLayoutTests.xctest */,
				C5CEAB211ED13E1100D33B0D /* 5-AutoLayoutUITests.xctest */,
			);
			name = Products;
			sourceTree = "<group>";
		};
		C5CEAAFF1ED13E1100D33B0D /* 5-AutoLayout */ = {
			isa = PBXGroup;
			children = (
				C5CEAB031ED13E1100D33B0D /* AppDelegate.h */,
				C5CEAB041ED13E1100D33B0D /* AppDelegate.m */,
				C5CEAB061ED13E1100D33B0D /* ViewController.h */,
				C5CEAB071ED13E1100D33B0D /* ViewController.m */,
				C5CEAB091ED13E1100D33B0D /* Main.storyboard */,
				C5CEAB0C1ED13E1100D33B0D /* Assets.xcassets */,
				C5CEAB0E1ED13E1100D33B0D /* LaunchScreen.storyboard */,
				C5CEAB111ED13E1100D33B0D /* Info.plist */,
				C5CEAB001ED13E1100D33B0D /* Supporting Files */,
			);
			path = "5-AutoLayout";
			sourceTree = "<group>";
		};
		C5CEAB001ED13E1100D33B0D /* Supporting Files */ = {
			isa = PBXGroup;
			children = (
				C5CEAB011ED13E1100D33B0D /* main.m */,
			);
			name = "Supporting Files";
			sourceTree = "<group>";
		};
		C5CEAB191ED13E1100D33B0D /* 5-AutoLayoutTests */ = {
			isa = PBXGroup;
			children = (
				C5CEAB1A1ED13E1100D33B0D /* __AutoLayoutTests.m */,
				C5CEAB1C1ED13E1100D33B0D /* Info.plist */,
			);
			path = "5-AutoLayoutTests";
			sourceTree = "<group>";
		};
		C5CEAB241ED13E1100D33B0D /* 5-AutoLayoutUITests */ = {
			isa = PBXGroup;
			children = (
				C5CEAB251ED13E1100D33B0D /* __AutoLayoutUITests.m */,
				C5CEAB271ED13E1100D33B0D /* Info.plist */,
			);
			path = "5-AutoLayoutUITests";
			sourceTree = "<group>";
		};
/* End PBXGroup section */

/* Begin PBXNativeTarget section */
		C5CEAAFC1ED13E1100D33B0D /* 5-AutoLayout */ = {
			isa = PBXNativeTarget;
			buildConfigurationList = C5CEAB2A1ED13E1100D33B0D /* Build configuration list for PBXNativeTarget "5-AutoLayout" */;
			buildPhases = (
				C5CEAAF91ED13E1100D33B0D /* Sources */,
				C5CEAAFA1ED13E1100D33B0D /* Frameworks */,
				C5CEAAFB1ED13E1100D33B0D /* Resources */,
			);
			buildRules = (
			);
			dependencies = (
			);
			name = "5-AutoLayout";
			productName = "5-AutoLayout";
			productReference = C5CEAAFD1ED13E1100D33B0D /* 5-AutoLayout.app */;
			productType = "com.apple.product-type.application";
		};
		C5CEAB151ED13E1100D33B0D /* 5-AutoLayoutTests */ = {
			isa = PBXNativeTarget;
			buildConfigurationList = C5CEAB2D1ED13E1100D33B0D /* Build configuration list for PBXNativeTarget "5-AutoLayoutTests" */;
			buildPhases = (
				C5CEAB121ED13E1100D33B0D /* Sources */,
				C5CEAB131ED13E1100D33B0D /* Frameworks */,
				C5CEAB141ED13E1100D33B0D /* Resources */,
			);
			buildRules = (
			);
			dependencies = (
				C5CEAB181ED13E1100D33B0D /* PBXTargetDependency */,
			);
			name = "5-AutoLayoutTests";
			productName = "5-AutoLayoutTests";
			productReference = C5CEAB161ED13E1100D33B0D /* 5-AutoLayoutTests.xctest */;
			productType = "com.apple.product-type.bundle.unit-test";
		};
		C5CEAB201ED13E1100D33B0D /* 5-AutoLayoutUITests */ = {
			isa = PBXNativeTarget;
			buildConfigurationList = C5CEAB301ED13E1100D33B0D /* Build configuration list for PBXNativeTarget "5-AutoLayoutUITests" */;
			buildPhases = (
				C5CEAB1D1ED13E1100D33B0D /* Sources */,
				C5CEAB1E1ED13E1100D33B0D /* Frameworks */,
				C5CEAB1F1ED13E1100D33B0D /* Resources */,
			);
			buildRules = (
			);
			dependencies = (
				C5CEAB231ED13E1100D33B0D /* PBXTargetDependency */,
			);
			name = "5-AutoLayoutUITests";
			productName = "5-AutoLayoutUITests";
			productReference = C5CEAB211ED13E1100D33B0D /* 5-AutoLayoutUITests.xctest */;
			productType = "com.apple.product-type.bundle.ui-testing";
		};
/* End PBXNativeTarget section */

/* Begin PBXProject section */
		C5CEAAF51ED13E1100D33B0D /* Project object */ = {
			isa = PBXProject;
			attributes = {
				LastUpgradeCheck = 0830;
				ORGANIZATIONNAME = FlyElephant;
				TargetAttributes = {
					C5CEAAFC1ED13E1100D33B0D = {
						CreatedOnToolsVersion = 8.3.2;
						ProvisioningStyle = Automatic;
					};
					C5CEAB151ED13E1100D33B0D = {
						CreatedOnToolsVersion = 8.3.2;
						ProvisioningStyle = Automatic;
						TestTargetID = C5CEAAFC1ED13E1100D33B0D;
					};
					C5CEAB201ED13E1100D33B0D = {
						CreatedOnToolsVersion = 8.3.2;
						ProvisioningStyle = Automatic;
						TestTargetID = C5CEAAFC1ED13E1100D33B0D;
					};
				};
			};
			buildConfigurationList = C5CEAAF81ED13E1100D33B0D /* Build configuration list for PBXProject "5-AutoLayout" */;
			compatibilityVersion = "Xcode 3.2";
			developmentRegion = English;
			hasScannedForEncodings = 0;
			knownRegions = (
				en,
				Base,
			);
			mainGroup = C5CEAAF41ED13E1100D33B0D;
			productRefGroup = C5CEAAFE1ED13E1100D33B0D /* Products */;
			projectDirPath = "";
			projectRoot = "";
			targets = (
				C5CEAAFC1ED13E1100D33B0D /* 5-AutoLayout */,
				C5CEAB151ED13E1100D33B0D /* 5-AutoLayoutTests */,
				C5CEAB201ED13E1100D33B0D /* 5-AutoLayoutUITests */,
			);
		};
/* End PBXProject section */

/* Begin PBXResourcesBuildPhase section */
		C5CEAAFB1ED13E1100D33B0D /* Resources */ = {
			isa = PBXResourcesBuildPhase;
			buildActionMask = 2147483647;
			files = (
				C5CEAB101ED13E1100D33B0D /* LaunchScreen.storyboard in Resources */,
				C5CEAB0D1ED13E1100D33B0D /* Assets.xcassets in Resources */,
				C5CEAB0B1ED13E1100D33B0D /* Main.storyboard in Resources */,
			);
			runOnlyForDeploymentPostprocessing = 0;
		};
		C5CEAB141ED13E1100D33B0D /* Resources */ = {
			isa = PBXResourcesBuildPhase;
			buildActionMask = 2147483647;
			files = (
			);
			runOnlyForDeploymentPostprocessing = 0;
		};
		C5CEAB1F1ED13E1100D33B0D /* Resources */ = {
			isa = PBXResourcesBuildPhase;
			buildActionMask = 2147483647;
			files = (
			);
			runOnlyForDeploymentPostprocessing = 0;
		};
/* End PBXResourcesBuildPhase section */

/* Begin PBXSourcesBuildPhase section */
		C5CEAAF91ED13E1100D33B0D /* Sources */ = {
			isa = PBXSourcesBuildPhase;
			buildActionMask = 2147483647;
			files = (
				C5CEAB081ED13E1100D33B0D /* ViewController.m in Sources */,
				C5CEAB051ED13E1100D33B0D /* AppDelegate.m in Sources */,
				C5CEAB021ED13E1100D33B0D /* main.m in Sources */,
			);
			runOnlyForDeploymentPostprocessing = 0;
		};
		C5CEAB121ED13E1100D33B0D /* Sources */ = {
			isa = PBXSourcesBuildPhase;
			buildActionMask = 2147483647;
			files = (
				C5CEAB1B1ED13E1100D33B0D /* __AutoLayoutTests.m in Sources */,
			);
			runOnlyForDeploymentPostprocessing = 0;
		};
		C5CEAB1D1ED13E1100D33B0D /* Sources */ = {
			isa = PBXSourcesBuildPhase;
			buildActionMask = 2147483647;
			files = (
				C5CEAB261ED13E1100D33B0D /* __AutoLayoutUITests.m in Sources */,
			);
			runOnlyForDeploymentPostprocessing = 0;
		};
/* End PBXSourcesBuildPhase section */

/* Begin PBXTargetDependency section */
		C5CEAB181ED13E1100D33B0D /* PBXTargetDependency */ = {
			isa = PBXTargetDependency;
			target = C5CEAAFC1ED13E1100D33B0D /* 5-AutoLayout */;
			targetProxy = C5CEAB171ED13E1100D33B0D /* PBXContainerItemProxy */;
		};
		C5CEAB231ED13E1100D33B0D /* PBXTargetDependency */ = {
			isa = PBXTargetDependency;
			target = C5CEAAFC1ED13E1100D33B0D /* 5-AutoLayout */;
			targetProxy = C5CEAB221ED13E1100D33B0D /* PBXContainerItemProxy */;
		};
/* End PBXTargetDependency section */

/* Begin PBXVariantGroup section */
		C5CEAB091ED13E1100D33B0D /* Main.storyboard */ = {
			isa = PBXVariantGroup;
			children = (
				C5CEAB0A1ED13E1100D33B0D /* Base */,
			);
			name = Main.storyboard;
			sourceTree = "<group>";
		};
		C5CEAB0E1ED13E1100D33B0D /* LaunchScreen.storyboard */ = {
			isa = PBXVariantGroup;
			children = (
				C5CEAB0F1ED13E1100D33B0D /* Base */,
			);
			name = LaunchScreen.storyboard;
			sourceTree = "<group>";
		};
/* End PBXVariantGroup section */

/* Begin XCBuildConfiguration section */
		C5CEAB281ED13E1100D33B0D /* Debug */ = {
			isa = XCBuildConfiguration;
			buildSettings = {
				ALWAYS_SEARCH_USER_PATHS = NO;
				CLANG_ANALYZER_NONNULL = YES;
				CLANG_ANALYZER_NUMBER_OBJECT_CONVERSION = YES_AGGRESSIVE;
				CLANG_CXX_LANGUAGE_STANDARD = "gnu++0x";
				CLANG_CXX_LIBRARY = "libc++";
				CLANG_ENABLE_MODULES = YES;
				CLANG_ENABLE_OBJC_ARC = YES;
				CLANG_WARN_BOOL_CONVERSION = YES;
				CLANG_WARN_CONSTANT_CONVERSION = YES;
				CLANG_WARN_DIRECT_OBJC_ISA_USAGE = YES_ERROR;
				CLANG_WARN_DOCUMENTATION_COMMENTS = YES;
				CLANG_WARN_EMPTY_BODY = YES;
				CLANG_WARN_ENUM_CONVERSION = YES;
				CLANG_WARN_INFINITE_RECURSION = YES;
				CLANG_WARN_INT_CONVERSION = YES;
				CLANG_WARN_OBJC_ROOT_CLASS = YES_ERROR;
				CLANG_WARN_SUSPICIOUS_MOVE = YES;
				CLANG_WARN_UNREACHABLE_CODE = YES;
				CLANG_WARN__DUPLICATE_METHOD_MATCH = YES;
				"CODE_SIGN_IDENTITY[sdk=iphoneos*]" = "iPhone Developer";
				COPY_PHASE_STRIP = NO;
				DEBUG_INFORMATION_FORMAT = dwarf;
				ENABLE_STRICT_OBJC_MSGSEND = YES;
				ENABLE_TESTABILITY = YES;
				GCC_C_LANGUAGE_STANDARD = gnu99;
				GCC_DYNAMIC_NO_PIC = NO;
				GCC_NO_COMMON_BLOCKS = YES;
				GCC_OPTIMIZATION_LEVEL = 0;
				GCC_PREPROCESSOR_DEFINITIONS = (
					"DEBUG=1",
					"$(inherited)",
				);
				GCC_WARN_64_TO_32_BIT_CONVERSION = YES;
				GCC_WARN_ABOUT_RETURN_TYPE = YES_ERROR;
				GCC_WARN_UNDECLARED_SELECTOR = YES;
				GCC_WARN_UNINITIALIZED_AUTOS = YES_AGGRESSIVE;
				GCC_WARN_UNUSED_FUNCTION = YES;
				GCC_WARN_UNUSED_VARIABLE = YES;
				IPHONEOS_DEPLOYMENT_TARGET = 10.3;
				MTL_ENABLE_DEBUG_INFO = YES;
				ONLY_ACTIVE_ARCH = YES;
				SDKROOT = iphoneos;
			};
			name = Debug;
		};
		C5CEAB291ED13E1100D33B0D /* Release */ = {
			isa = XCBuildConfiguration;
			buildSettings = {
				ALWAYS_SEARCH_USER_PATHS = NO;
				CLANG_ANALYZER_NONNULL = YES;
				CLANG_ANALYZER_NUMBER_OBJECT_CONVERSION = YES_AGGRESSIVE;
				CLANG_CXX_LANGUAGE_STANDARD = "gnu++0x";
				CLANG_CXX_LIBRARY = "libc++";
				CLANG_ENABLE_MODULES = YES;
				CLANG_ENABLE_OBJC_ARC = YES;
				CLANG_WARN_BOOL_CONVERSION = YES;
				CLANG_WARN_CONSTANT_CONVERSION = YES;
				CLANG_WARN_DIRECT_OBJC_ISA_USAGE = YES_ERROR;
				CLANG_WARN_DOCUMENTATION_COMMENTS = YES;
				CLANG_WARN_EMPTY_BODY = YES;
				CLANG_WARN_ENUM_CONVERSION = YES;
				CLANG_WARN_INFINITE_RECURSION = YES;
				CLANG_WARN_INT_CONVERSION = YES;
				CLANG_WARN_OBJC_ROOT_CLASS = YES_ERROR;
				CLANG_WARN_SUSPICIOUS_MOVE = YES;
				CLANG_WARN_UNREACHABLE_CODE = YES;
				CLANG_WARN__DUPLICATE_METHOD_MATCH = YES;
				"CODE_SIGN_IDENTITY[sdk=iphoneos*]" = "iPhone Developer";
				COPY_PHASE_STRIP = NO;
				DEBUG_INFORMATION_FORMAT = "dwarf-with-dsym";
				ENABLE_NS_ASSERTIONS = NO;
				ENABLE_STRICT_OBJC_MSGSEND = YES;
				GCC_C_LANGUAGE_STANDARD = gnu99;
				GCC_NO_COMMON_BLOCKS = YES;
				GCC_WARN_64_TO_32_BIT_CONVERSION = YES;
				GCC_WARN_ABOUT_RETURN_TYPE = YES_ERROR;
				GCC_WARN_UNDECLARED_SELECTOR = YES;
				GCC_WARN_UNINITIALIZED_AUTOS = YES_AGGRESSIVE;
				GCC_WARN_UNUSED_FUNCTION = YES;
				GCC_WARN_UNUSED_VARIABLE = YES;
				IPHONEOS_DEPLOYMENT_TARGET = 10.3;
				MTL_ENABLE_DEBUG_INFO = NO;
				SDKROOT = iphoneos;
				VALIDATE_PRODUCT = YES;
			};
			name = Release;
		};
		C5CEAB2B1ED13E1100D33B0D /* Debug */ = {
			isa = XCBuildConfiguration;
			buildSettings = {
				ASSETCATALOG_COMPILER_APPICON_NAME = AppIcon;
				INFOPLIST_FILE = "5-AutoLayout/Info.plist";
				LD_RUNPATH_SEARCH_PATHS = "$(inherited) @executable_path/Frameworks";
				PRODUCT_BUNDLE_IDENTIFIER = "github.com-SmallElephant.--AutoLayout";
				PRODUCT_NAME = "$(TARGET_NAME)";
			};
			name = Debug;
		};
		C5CEAB2C1ED13E1100D33B0D /* Release */ = {
			isa = XCBuildConfiguration;
			buildSettings = {
				ASSETCATALOG_COMPILER_APPICON_NAME = AppIcon;
				INFOPLIST_FILE = "5-AutoLayout/Info.plist";
				LD_RUNPATH_SEARCH_PATHS = "$(inherited) @executable_path/Frameworks";
				PRODUCT_BUNDLE_IDENTIFIER = "github.com-SmallElephant.--AutoLayout";
				PRODUCT_NAME = "$(TARGET_NAME)";
			};
			name = Release;
		};
		C5CEAB2E1ED13E1100D33B0D /* Debug */ = {
			isa = XCBuildConfiguration;
			buildSettings = {
				BUNDLE_LOADER = "$(TEST_HOST)";
				INFOPLIST_FILE = "5-AutoLayoutTests/Info.plist";
				LD_RUNPATH_SEARCH_PATHS = "$(inherited) @executable_path/Frameworks @loader_path/Frameworks";
				PRODUCT_BUNDLE_IDENTIFIER = "github.com-SmallElephant.--AutoLayoutTests";
				PRODUCT_NAME = "$(TARGET_NAME)";
				TEST_HOST = "$(BUILT_PRODUCTS_DIR)/5-AutoLayout.app/5-AutoLayout";
			};
			name = Debug;
		};
		C5CEAB2F1ED13E1100D33B0D /* Release */ = {
			isa = XCBuildConfiguration;
			buildSettings = {
				BUNDLE_LOADER = "$(TEST_HOST)";
				INFOPLIST_FILE = "5-AutoLayoutTests/Info.plist";
				LD_RUNPATH_SEARCH_PATHS = "$(inherited) @executable_path/Frameworks @loader_path/Frameworks";
				PRODUCT_BUNDLE_IDENTIFIER = "github.com-SmallElephant.--AutoLayoutTests";
				PRODUCT_NAME = "$(TARGET_NAME)";
				TEST_HOST = "$(BUILT_PRODUCTS_DIR)/5-AutoLayout.app/5-AutoLayout";
			};
			name = Release;
		};
		C5CEAB311ED13E1100D33B0D /* Debug */ = {
			isa = XCBuildConfiguration;
			buildSettings = {
				INFOPLIST_FILE = "5-AutoLayoutUITests/Info.plist";
				LD_RUNPATH_SEARCH_PATHS = "$(inherited) @executable_path/Frameworks @loader_path/Frameworks";
				PRODUCT_BUNDLE_IDENTIFIER = "github.com-SmallElephant.--AutoLayoutUITests";
				PRODUCT_NAME = "$(TARGET_NAME)";
				TEST_TARGET_NAME = "5-AutoLayout";
			};
			name = Debug;
		};
		C5CEAB321ED13E1100D33B0D /* Release */ = {
			isa = XCBuildConfiguration;
			buildSettings = {
				INFOPLIST_FILE = "5-AutoLayoutUITests/Info.plist";
				LD_RUNPATH_SEARCH_PATHS = "$(inherited) @executable_path/Frameworks @loader_path/Frameworks";
				PRODUCT_BUNDLE_IDENTIFIER = "github.com-SmallElephant.--AutoLayoutUITests";
				PRODUCT_NAME = "$(TARGET_NAME)";
				TEST_TARGET_NAME = "5-AutoLayout";
			};
			name = Release;
		};
/* End XCBuildConfiguration section */

/* Begin XCConfigurationList section */
		C5CEAAF81ED13E1100D33B0D /* Build configuration list for PBXProject "5-AutoLayout" */ = {
			isa = XCConfigurationList;
			buildConfigurations = (
				C5CEAB281ED13E1100D33B0D /* Debug */,
				C5CEAB291ED13E1100D33B0D /* Release */,
			);
			defaultConfigurationIsVisible = 0;
			defaultConfigurationName = Release;
		};
		C5CEAB2A1ED13E1100D33B0D /* Build configuration list for PBXNativeTarget "5-AutoLayout" */ = {
			isa = XCConfigurationList;
			buildConfigurations = (
				C5CEAB2B1ED13E1100D33B0D /* Debug */,
				C5CEAB2C1ED13E1100D33B0D /* Release */,
			);
			defaultConfigurationIsVisible = 0;
		};
		C5CEAB2D1ED13E1100D33B0D /* Build configuration list for PBXNativeTarget "5-AutoLayoutTests" */ = {
			isa = XCConfigurationList;
			buildConfigurations = (
				C5CEAB2E1ED13E1100D33B0D /* Debug */,
				C5CEAB2F1ED13E1100D33B0D /* Release */,
			);
			defaultConfigurationIsVisible = 0;
		};
		C5CEAB301ED13E1100D33B0D /* Build configuration list for PBXNativeTarget "5-AutoLayoutUITests" */ = {
			isa = XCConfigurationList;
			buildConfigurations = (
				C5CEAB311ED13E1100D33B0D /* Debug */,
				C5CEAB321ED13E1100D33B0D /* Release */,
			);
			defaultConfigurationIsVisible = 0;
		};
/* End XCConfigurationList section */
	};
	rootObject = C5CEAAF51ED13E1100D33B0D /* Project object */;
}
